{
  "name": "aula-usp",
  "version": "0.1.0",
  "lockfileVersion": 3,
  "requires": true,
  "packages": {
    "": {
      "name": "aula-usp",
      "version": "0.1.0",
      "dependencies": {
        "@shikijs/engine-javascript": "4.4.3",
        "@shikijs/langs": "4.4.3",
        "@shikijs/primitive": "4.4.3",
        "katex": "0.18.7"
      },
      "bin": {
        "aula-usp": "bin/aula-usp.mjs"
      },
      "devDependencies": {
        "linkedom": "^0.18.13",
        "playwright-core": "^1.63.0"
      },
      "engines": {
        "node": ">=20"
      }
    },
    "node_modules/@shikijs/engine-javascript": {
      "version": "4.4.3",
      "resolved": "https://registry.npmjs.org/@shikijs/engine-javascript/-/engine-javascript-4.4.3.tgz",
      "integrity": "sha512-FbOjFJp9VLdo1Wevs10BBtVxiTWwNLqZh5Gkhjgda/ioL15YOgeSl9n+6XMa3qRlPQzfhFNe641SrynFHYG0nQ==",
      "license": "MIT",
      "dependencies": {
        "@shikijs/types": "4.4.3",
        "@shikijs/vscode-textmate": "^10.0.2",
        "oniguruma-to-es": "^4.3.6"
      },
      "engines": {
        "node": ">=20"
      }
    },
    "node_modules/@shikijs/langs": {
      "version": "4.4.3",
      "resolved": "https://registry.npmjs.org/@shikijs/langs/-/langs-4.4.3.tgz",
      "integrity": "sha512-ePic0yfAJGOF83D5wBHK/00EjK65oahBYxFk5epgq33WRv7X9UuxLEV8PtR0szC0z8dl7INIpIodB99JRFlR+A==",
      "license": "MIT",
      "dependencies": {
        "@shikijs/types": "4.4.3"
      },
      "engines": {
        "node": ">=20"
      }
    },
    "node_modules/@shikijs/primitive": {
      "version": "4.4.3",
      "resolved": "https://registry.npmjs.org/@shikijs/primitive/-/primitive-4.4.3.tgz",
      "integrity": "sha512-m0wBeLDQDeIxRdUmrCPdQqfuUamDwRL5isCfYbguKD6NiaKpVbsv+3J81DyIKgNW5h4WAIIr8T4EkgQrBBxvaQ==",
      "license": "MIT",
      "dependencies": {
        "@shikijs/types": "4.4.3",
        "@shikijs/vscode-textmate": "^10.0.2",
        "@types/hast": "^3.0.5"
      },
      "engines": {
        "node": ">=20"
      }
    },
    "node_modules/@shikijs/types": {
      "version": "4.4.3",
      "resolved": "https://registry.npmjs.org/@shikijs/types/-/types-4.4.3.tgz",
      "integrity": "sha512-UEJxmRR++MAGR6hugn0vgVS2W/6lWAts84FFSrnlH9sP0LNol7E5+NQ792pH8liWUhyMyjhTgSUH3k7iD7tc5g==",
      "license": "MIT",
      "dependencies": {
        "@shikijs/vscode-textmate": "^10.0.2",
        "@types/hast": "^3.0.5"
      },
      "engines": {
        "node": ">=20"
      }
    },
    "node_modules/@shikijs/vscode-textmate": {
      "version": "10.0.2",
      "resolved": "https://registry.npmjs.org/@shikijs/vscode-textmate/-/vscode-textmate-10.0.2.tgz",
      "integrity": "sha512-83yeghZ2xxin3Nj8z1NMd/NCuca+gsYXswywDy5bHvwlWL8tpTQmzGeUuHd9FC3E/SBEMvzJRwWEOz5gGes9Qg==",
      "license": "MIT"
    },
    "node_modules/@types/hast": {
      "version": "3.0.5",
      "resolved": "https://registry.npmjs.org/@types/hast/-/hast-3.0.5.tgz",
      "integrity": "sha512-rp/ezSWaD1m44dPKICGhiskI13nVr7qTloFwDa/IYkhhf5nzwP+zIQcIJh3WIFSBOy/H1PzB40jPjMDksN4F+g==",
      "license": "MIT",
      "dependencies": {
        "@types/unist": "*"
      }
    },
    "node_modules/@types/unist": {
      "version": "3.0.3",
      "resolved": "https://registry.npmjs.org/@types/unist/-/unist-3.0.3.tgz",
      "integrity": "sha512-ko/gIFJRv177XgZsZcBwnqJN5x/Gien8qNOn0D5bQU/zAzVf9Zt3BlcUiLqhV9y4ARk0GbT3tnUiPNgnTXzc/Q==",
      "license": "MIT"
    },
    "node_modules/boolbase": {
      "version": "2.0.0",
      "resolved": "https://registry.npmjs.org/boolbase/-/boolbase-2.0.0.tgz",
      "integrity": "sha512-DkVaaQHymRhpYEYo9x1oo7Q7B0Y6KJUsjm3c9eTyFDby4MHLBTwZ6ZDWBel5zrYxj1WsZgC5oLpiz+93MluXeA==",
      "dev": true,
      "license": "ISC",
      "engines": {
        "node": ">=20.19.0"
      },
      "funding": {
        "type": "github",
        "url": "https://github.com/sponsors/fb55"
      }
    },
    "node_modules/commander": {
      "version": "15.0.0",
      "resolved": "https://registry.npmjs.org/commander/-/commander-15.0.0.tgz",
      "integrity": "sha512-z67u4ZhzCL/Tydu1lJARtEZYWbWaN7oYLHbsuzocr6y4N6WZAagG3RQ4FW61V1/0+jImpj293XfrcYnd1qxtPg==",
      "license": "MIT",
      "engines": {
        "node": ">=22.12.0"
      }
    },
    "node_modules/css-select": {
      "version": "7.0.0",
      "resolved": "https://registry.npmjs.org/css-select/-/css-select-7.0.0.tgz",
      "integrity": "sha512-snmjEVXy+1LnwXdxhYvTMj1d9tOh4HxkA1YmoayVBeeyR2C14Pum7fcxJIm4SswYspVy866eYNwlH6xC3/VH5g==",
      "dev": true,
      "license": "BSD-2-Clause",
      "dependencies": {
        "boolbase": "^2.0.0",
        "css-what": "^8.0.0",
        "domhandler": "^6.0.1",
        "domutils": "^4.0.2",
        "nth-check": "^3.0.1"
      },
      "engines": {
        "node": ">=20.19.0"
      },
      "funding": {
        "type": "github",
        "url": "https://github.com/sponsors/fb55"
      }
    },
    "node_modules/css-what": {
      "version": "8.0.0",
      "resolved": "https://registry.npmjs.org/css-what/-/css-what-8.0.0.tgz",
      "integrity": "sha512-DH0Bqq3DNp5tdOReuNyAA+Ev4Y2GS5FMbZpeTLP6C4CDi0h5nL0BmUPChXw3o/qbHLDWHl49sbNqQVY7bMSDdw==",
      "dev": true,
      "license": "BSD-2-Clause",
      "engines": {
        "node": ">=20.19.0"
      },
      "funding": {
        "type": "github",
        "url": "https://github.com/sponsors/fb55"
      }
    },
    "node_modules/cssom": {
      "version": "0.5.0",
      "resolved": "https://registry.npmjs.org/cssom/-/cssom-0.5.0.tgz",
      "integrity": "sha512-iKuQcq+NdHqlAcwUY0o/HL69XQrUaQdMjmStJ8JFmUaiiQErlhrmuigkg/CU4E2J0IyUKUrMAgl36TvN67MqTw==",
      "dev": true,
      "license": "MIT"
    },
    "node_modules/dom-serializer": {
      "version": "3.1.1",
      "resolved": "https://registry.npmjs.org/dom-serializer/-/dom-serializer-3.1.1.tgz",
      "integrity": "sha512-4MEa38/QexBob6gFNwu+EGdWvhJ1OKuNwdYY3Y3NyeWDQfnGeDYQUDfIRzWu5B5gsv03so2Uxd28YC6zrsx3Lw==",
      "dev": true,
      "license": "MIT",
      "dependencies": {
        "domelementtype": "^3.0.0",
        "domhandler": "^6.0.0",
        "entities": "^8.0.0"
      },
      "engines": {
        "node": ">=20.19.0"
      },
      "funding": {
        "type": "github",
        "url": "https://github.com/cheeriojs/dom-serializer?sponsor=1"
      }
    },
    "node_modules/domelementtype": {
      "version": "3.0.0",
      "resolved": "https://registry.npmjs.org/domelementtype/-/domelementtype-3.0.0.tgz",
      "integrity": "sha512-umCQid3jKbDmVjx8jGaW7uUykm4DEUeyV21hPxNMo2nV955DhUThwqyOIDtreepP31hl84X7G5U9ZfsWvIB3Pg==",
      "dev": true,
      "funding": [
        {
          "type": "github",
          "url": "https://github.com/sponsors/fb55"
        }
      ],
      "license": "BSD-2-Clause",
      "engines": {
        "node": ">=20.19.0"
      }
    },
    "node_modules/domhandler": {
      "version": "6.0.1",
      "resolved": "https://registry.npmjs.org/domhandler/-/domhandler-6.0.1.tgz",
      "integrity": "sha512-gYzvtM72ZtxQO0T048kd6HWSbbGCNOUwcnfQ01cqIJ4X2IYKFFHZ5mKvrQETcFXxsRObZulDaKmy//R7TPtsBg==",
      "dev": true,
      "license": "BSD-2-Clause",
      "dependencies": {
        "domelementtype": "^3.0.0"
      },
      "engines": {
        "node": ">=20.19.0"
      },
      "funding": {
        "type": "github",
        "url": "https://github.com/fb55/domhandler?sponsor=1"
      }
    },
    "node_modules/domutils": {
      "version": "4.0.2",
      "resolved": "https://registry.npmjs.org/domutils/-/domutils-4.0.2.tgz",
      "integrity": "sha512-qI4JLRKnSzqFqr7hAlS5xQDusBCjKSEG4t4+7aNrIQMHBcsC2TGEhuyABJdYkgSewL57PNLYEiibY2iPKhKpaA==",
      "dev": true,
      "license": "BSD-2-Clause",
      "dependencies": {
        "dom-serializer": "^3.0.0",
        "domelementtype": "^3.0.0",
        "domhandler": "^6.0.0"
      },
      "engines": {
        "node": ">=20.19.0"
      },
      "funding": {
        "type": "github",
        "url": "https://github.com/fb55/domutils?sponsor=1"
      }
    },
    "node_modules/entities": {
      "version": "8.1.0",
      "resolved": "https://registry.npmjs.org/entities/-/entities-8.1.0.tgz",
      "integrity": "sha512-kxL7msIffSuh9aaFAMD7rxAIuTRMAHMeBtgHW2yUdWw732ZNh4MehkF2gdjvtdmikkaIP9bFDDJOPlsvm7avrA==",
      "dev": true,
      "license": "BSD-2-Clause",
      "engines": {
        "node": ">=20.19.0"
      },
      "funding": {
        "url": "https://github.com/fb55/entities?sponsor=1"
      }
    },
    "node_modules/html-escaper": {
      "version": "3.0.3",
      "resolved": "https://registry.npmjs.org/html-escaper/-/html-escaper-3.0.3.tgz",
      "integrity": "sha512-RuMffC89BOWQoY0WKGpIhn5gX3iI54O6nRA0yC124NYVtzjmFWBIiFd8M0x+ZdX0P9R4lADg1mgP8C7PxGOWuQ==",
      "dev": true,
      "license": "MIT"
    },
    "node_modules/htmlparser2": {
      "version": "10.1.0",
      "resolved": "https://registry.npmjs.org/htmlparser2/-/htmlparser2-10.1.0.tgz",
      "integrity": "sha512-VTZkM9GWRAtEpveh7MSF6SjjrpNVNNVJfFup7xTY3UpFtm67foy9HDVXneLtFVt4pMz5kZtgNcvCniNFb1hlEQ==",
      "dev": true,
      "funding": [
        "https://github.com/fb55/htmlparser2?sponsor=1",
        {
          "type": "github",
          "url": "https://github.com/sponsors/fb55"
        }
      ],
      "license": "MIT",
      "dependencies": {
        "domelementtype": "^2.3.0",
        "domhandler": "^5.0.3",
        "domutils": "^3.2.2",
        "entities": "^7.0.1"
      }
    },
    "node_modules/htmlparser2/node_modules/dom-serializer": {
      "version": "2.0.0",
      "resolved": "https://registry.npmjs.org/dom-serializer/-/dom-serializer-2.0.0.tgz",
      "integrity": "sha512-wIkAryiqt/nV5EQKqQpo3SToSOV9J0DnbJqwK7Wv/Trc92zIAYZ4FlMu+JPFW1DfGFt81ZTCGgDEabffXeLyJg==",
      "dev": true,
      "license": "MIT",
      "dependencies": {
        "domelementtype": "^2.3.0",
        "domhandler": "^5.0.2",
        "entities": "^4.2.0"
      },
      "funding": {
        "url": "https://github.com/cheeriojs/dom-serializer?sponsor=1"
      }
    },
    "node_modules/htmlparser2/node_modules/dom-serializer/node_modules/entities": {
      "version": "4.5.0",
      "resolved": "https://registry.npmjs.org/entities/-/entities-4.5.0.tgz",
      "integrity": "sha512-V0hjH4dGPh9Ao5p0MoRY6BVqtwCjhz6vI5LT8AJ55H+4g9/4vbHx1I54fS0XuclLhDHArPQCiMjDxjaL8fPxhw==",
      "dev": true,
      "license": "BSD-2-Clause",
      "engines": {
        "node": ">=0.12"
      },
      "funding": {
        "url": "https://github.com/fb55/entities?sponsor=1"
      }
    },
    "node_modules/htmlparser2/node_modules/domelementtype": {
      "version": "2.3.0",
      "resolved": "https://registry.npmjs.org/domelementtype/-/domelementtype-2.3.0.tgz",
      "integrity": "sha512-OLETBj6w0OsagBwdXnPdN0cnMfF9opN69co+7ZrbfPGrdpPVNBUj02spi6B1N7wChLQiPn4CSH/zJvXw56gmHw==",
      "dev": true,
      "funding": [
        {
          "type": "github",
          "url": "https://github.com/sponsors/fb55"
        }
      ],
      "license": "BSD-2-Clause"
    },
    "node_modules/htmlparser2/node_modules/domhandler": {
      "version": "5.0.3",
      "resolved": "https://registry.npmjs.org/domhandler/-/domhandler-5.0.3.tgz",
      "integrity": "sha512-cgwlv/1iFQiFnU96XXgROh8xTeetsnJiDsTc7TYCLFd9+/WNkIqPTxiM/8pSd8VIrhXGTf1Ny1q1hquVqDJB5w==",
      "dev": true,
      "license": "BSD-2-Clause",
      "dependencies": {
        "domelementtype": "^2.3.0"
      },
      "engines": {
        "node": ">= 4"
      },
      "funding": {
        "url": "https://github.com/fb55/domhandler?sponsor=1"
      }
    },
    "node_modules/htmlparser2/node_modules/domutils": {
      "version": "3.2.2",
      "resolved": "https://registry.npmjs.org/domutils/-/domutils-3.2.2.tgz",
      "integrity": "sha512-6kZKyUajlDuqlHKVX1w7gyslj9MPIXzIFiz/rGu35uC1wMi+kMhQwGhl4lt9unC9Vb9INnY9Z3/ZA3+FhASLaw==",
      "dev": true,
      "license": "BSD-2-Clause",
      "dependencies": {
        "dom-serializer": "^2.0.0",
        "domelementtype": "^2.3.0",
        "domhandler": "^5.0.3"
      },
      "funding": {
        "url": "https://github.com/fb55/domutils?sponsor=1"
      }
    },
    "node_modules/htmlparser2/node_modules/entities": {
      "version": "7.0.1",
      "resolved": "https://registry.npmjs.org/entities/-/entities-7.0.1.tgz",
      "integrity": "sha512-TWrgLOFUQTH994YUyl1yT4uyavY5nNB5muff+RtWaqNVCAK408b5ZnnbNAUEWLTCpum9w6arT70i1XdQ4UeOPA==",
      "dev": true,
      "license": "BSD-2-Clause",
      "engines": {
        "node": ">=0.12"
      },
      "funding": {
        "url": "https://github.com/fb55/entities?sponsor=1"
      }
    },
    "node_modules/katex": {
      "version": "0.18.7",
      "resolved": "https://registry.npmjs.org/katex/-/katex-0.18.7.tgz",
      "integrity": "sha512-h+UCwkZ+4Jz8WQ7MLGfj7UVFrRCizGb912fwF4luGdYsC5paYG1vx+jy+KRcC/XkpjGva/P7nAWuxNnPzRvzHw==",
      "funding": [
        "https://opencollective.com/katex",
        "https://github.com/sponsors/katex"
      ],
      "license": "MIT",
      "dependencies": {
        "commander": "^15.0.0"
      },
      "bin": {
        "katex": "cli.js"
      }
    },
    "node_modules/linkedom": {
      "version": "0.18.13",
      "resolved": "https://registry.npmjs.org/linkedom/-/linkedom-0.18.13.tgz",
      "integrity": "sha512-ES/o9qotMpzpN2MHs+Iq/JcVoOj8Fa5wiQYrTdFpvAnwXL0g66XHHUc9WUMk6nAlBtGsFQ24ne+SYnvnaQ2FSw==",
      "dev": true,
      "license": "ISC",
      "dependencies": {
        "css-select": "^7.0.0",
        "cssom": "^0.5.0",
        "html-escaper": "^3.0.3",
        "htmlparser2": "^10.1.0",
        "uhyphen": "^0.2.0"
      },
      "engines": {
        "node": ">=16"
      },
      "peerDependencies": {
        "canvas": ">= 2"
      },
      "peerDependenciesMeta": {
        "canvas": {
          "optional": true
        }
      }
    },
    "node_modules/nth-check": {
      "version": "3.0.1",
      "resolved": "https://registry.npmjs.org/nth-check/-/nth-check-3.0.1.tgz",
      "integrity": "sha512-GX0gsdbGVCgnRgbeGaubfjpBXyYRWOOCVeYh08bSQvDZqxz5ndXs1OTfAt/h36G1xvI94YIspsI0sVFqAV9+RQ==",
      "dev": true,
      "license": "BSD-2-Clause",
      "dependencies": {
        "boolbase": "^2.0.0"
      },
      "engines": {
        "node": ">=20.19.0"
      },
      "funding": {
        "type": "github",
        "url": "https://github.com/fb55/nth-check?sponsor=1"
      }
    },
    "node_modules/oniguruma-parser": {
      "version": "0.12.2",
      "resolved": "https://registry.npmjs.org/oniguruma-parser/-/oniguruma-parser-0.12.2.tgz",
      "integrity": "sha512-6HVa5oIrgMC6aA6WF6XyyqbhRPJrKR02L20+2+zpDtO5QAzGHAUGw5TKQvwi5vctNnRHkJYmjAhRVQF2EKdTQw==",
      "license": "MIT"
    },
    "node_modules/oniguruma-to-es": {
      "version": "4.3.6",
      "resolved": "https://registry.npmjs.org/oniguruma-to-es/-/oniguruma-to-es-4.3.6.tgz",
      "integrity": "sha512-csuQ9x3Yr0cEIs/Zgx/OEt9iBw9vqIunAPQkx19R/fiMq2oGVTgcMqO/V3Ybqefr1TBvosI6jU539ksaBULJyA==",
      "license": "MIT",
      "dependencies": {
        "oniguruma-parser": "^0.12.2",
        "regex": "^6.1.0",
        "regex-recursion": "^6.0.2"
      }
    },
    "node_modules/playwright-core": {
      "version": "1.63.0",
      "resolved": "https://registry.npmjs.org/playwright-core/-/playwright-core-1.63.0.tgz",
      "integrity": "sha512-rYCsBF/M5HjUch52bbtVONEFjv6Xu8sm8h72dNlR5bzIE1fvC/bxgspzkjSfU+MweEMmPM8KJebG6nnyxo5mCg==",
      "dev": true,
      "license": "Apache-2.0",
      "bin": {
        "playwright-core": "cli.js"
      },
      "engines": {
        "node": ">=20"
      }
    },
    "node_modules/regex": {
      "version": "6.1.0",
      "resolved": "https://registry.npmjs.org/regex/-/regex-6.1.0.tgz",
      "integrity": "sha512-6VwtthbV4o/7+OaAF9I5L5V3llLEsoPyq9P1JVXkedTP33c7MfCG0/5NOPcSJn0TzXcG9YUrR0gQSWioew3LDg==",
      "license": "MIT",
      "dependencies": {
        "regex-utilities": "^2.3.0"
      }
    },
    "node_modules/regex-recursion": {
      "version": "6.0.2",
      "resolved": "https://registry.npmjs.org/regex-recursion/-/regex-recursion-6.0.2.tgz",
      "integrity": "sha512-0YCaSCq2VRIebiaUviZNs0cBz1kg5kVS2UKUfNIx8YVs1cN3AV7NTctO5FOKBA+UT2BPJIWZauYHPqJODG50cg==",
      "license": "MIT",
      "dependencies": {
        "regex-utilities": "^2.3.0"
      }
    },
    "node_modules/regex-utilities": {
      "version": "2.3.0",
      "resolved": "https://registry.npmjs.org/regex-utilities/-/regex-utilities-2.3.0.tgz",
      "integrity": "sha512-8VhliFJAWRaUiVvREIiW2NXXTmHs4vMNnSzuJVhscgmGav3g9VDxLrQndI3dZZVVdp0ZO/5v0xmX516/7M9cng==",
      "license": "MIT"
    },
    "node_modules/uhyphen": {
      "version": "0.2.0",
      "resolved": "https://registry.npmjs.org/uhyphen/-/uhyphen-0.2.0.tgz",
      "integrity": "sha512-qz3o9CHXmJJPGBdqzab7qAYuW8kQGKNEuoHFYrBwV6hWIMcpAmxDLXojcHfFr9US1Pe6zUswEIJIbLI610fuqA==",
      "dev": true,
      "license": "ISC"
    }
  }
}
